{
  "nodes": {
    "nixpkgs": {
      "locked": {
        "lastModified": 1764667669,
        "narHash": "sha256-7WUCZfmqLAssbDqwg9cUDAXrSoXN79eEEq17qhTNM/Y=",
        "owner": "nixos",
        "repo": "nixpkgs",
        "rev": "418468ac9527e799809c900eda37cbff999199b6",
        "type": "github"
      },
      "original": {
        "owner": "nixos",
        "ref": "nixos-unstable",
        "repo": "nixpkgs",
        "type": "github"
      }
    },
    "nixpkgs-qt5153": {
      "locked": {
        "lastModified": 1655700315,
        "narHash": "sha256-N13cUhpyUlsbTugxwpUGrpaqJVLf4zsSZY1flJOO0kA=",
        "owner": "nixos",
        "repo": "nixpkgs",
        "rev": "72bbea9db7d727ed044e60b5f5febc60a3c5c955",
        "type": "github"
      },
      "original": {
        "owner": "nixos",
        "repo": "nixpkgs",
        "rev": "72bbea9db7d727ed044e60b5f5febc60a3c5c955",
        "type": "github"
      }
    },
    "nixpkgs-qt69": {
      "locked": {
        "lastModified": 1743577216,
        "narHash": "sha256-7mxrKLUzRC3CHcwD8Re3MNZtLHZx6BuSHHQ9iW9U9y4=",
        "owner": "nixos",
        "repo": "nixpkgs",
        "rev": "6f095be4bda67105d2428224f4fb4899234ce683",
        "type": "github"
      },
      "original": {
        "owner": "nixos",
        "repo": "nixpkgs",
        "rev": "6f095be4bda67105d2428224f4fb4899234ce683",
        "type": "github"
      }
    },
    "root": {
      "inputs": {
        "nixpkgs": "nixpkgs",
        "nixpkgs-qt5153": "nixpkgs-qt5153",
        "nixpkgs-qt69": "nixpkgs-qt69"
      }
    }
  },
  "root": "root",
  "version": 7
}
