{
  "nodes": {
    "nixpkgs": {
      "locked": {
        "lastModified": 1722421184,
        "narHash": "sha256-/DJBI6trCeVnasdjUo9pbnodCLZcFqnVZiLUfqLH4jA=",
        "owner": "nixos",
        "repo": "nixpkgs",
        "rev": "9f918d616c5321ad374ae6cb5ea89c9e04bf3e58",
        "type": "github"
      },
      "original": {
        "owner": "nixos",
        "ref": "nixos-unstable",
        "repo": "nixpkgs",
        "type": "github"
      }
    },
    "nixpkgs-qt515": {
      "locked": {
        "lastModified": 1655700315,
        "narHash": "sha256-N13cUhpyUlsbTugxwpUGrpaqJVLf4zsSZY1flJOO0kA=",
        "owner": "nixos",
        "repo": "nixpkgs",
        "rev": "72bbea9db7d727ed044e60b5f5febc60a3c5c955",
        "type": "github"
      },
      "original": {
        "owner": "nixos",
        "repo": "nixpkgs",
        "rev": "72bbea9db7d727ed044e60b5f5febc60a3c5c955",
        "type": "github"
      }
    },
    "root": {
      "inputs": {
        "nixpkgs": "nixpkgs",
        "nixpkgs-qt515": "nixpkgs-qt515"
      }
    }
  },
  "root": "root",
  "version": 7
}
